
Microsoft Visual Studio Solution File, Format Version 12.00
# Visual Studio Version 17
VisualStudioVersion = 17.3.32922.545
MinimumVisualStudioVersion = 10.0.40219.1
Project("{FAE04EC0-301F-11D3-BF4B-00C04F79EFBC}") = "XO", "XO\XO.csproj", "{E68B3EFA-65D1-429C-A541-2F44F1A93035}"
EndProject
Project("{FAE04EC0-301F-11D3-BF4B-00C04F79EFBC}") = "UnitTest", "UnitTest\UnitTest.csproj", "{859D66F6-5EE1-4275-B3BF-D974D825EEE4}"
EndProject
Global
	GlobalSection(SolutionConfigurationPlatforms) = preSolution
		Debug|Any CPU = Debug|Any CPU
		Release|Any CPU = Release|Any CPU
	EndGlobalSection
	GlobalSection(ProjectConfigurationPlatforms) = postSolution
		{E68B3EFA-65D1-429C-A541-2F44F1A93035}.Debug|Any CPU.ActiveCfg = Debug|Any CPU
		{E68B3EFA-65D1-429C-A541-2F44F1A93035}.Debug|Any CPU.Build.0 = Debug|Any CPU
		{E68B3EFA-65D1-429C-A541-2F44F1A93035}.Release|Any CPU.ActiveCfg = Release|Any CPU
		{E68B3EFA-65D1-429C-A541-2F44F1A93035}.Release|Any CPU.Build.0 = Release|Any CPU
		{859D66F6-5EE1-4275-B3BF-D974D825EEE4}.Debug|Any CPU.ActiveCfg = Debug|Any CPU
		{859D66F6-5EE1-4275-B3BF-D974D825EEE4}.Debug|Any CPU.Build.0 = Debug|Any CPU
		{859D66F6-5EE1-4275-B3BF-D974D825EEE4}.Release|Any CPU.ActiveCfg = Release|Any CPU
		{859D66F6-5EE1-4275-B3BF-D974D825EEE4}.Release|Any CPU.Build.0 = Release|Any CPU
	EndGlobalSection
	GlobalSection(SolutionProperties) = preSolution
		HideSolutionNode = FALSE
	EndGlobalSection
	GlobalSection(ExtensibilityGlobals) = postSolution
		SolutionGuid = {1EBC6E71-539D-4096-8B16-08FF678F3854}
	EndGlobalSection
EndGlobal
